
Microsoft Visual Studio Solution File, Format Version 12.00
# Visual Studio Version 17
VisualStudioVersion = 17.10.35013.160
MinimumVisualStudioVersion = 10.0.40219.1
Project("{FAE04EC0-301F-11D3-BF4B-00C04F79EFBC}") = "PortScanner", "PortScanner.csproj", "{9F4BDE64-D314-4D8D-AB27-B7518934E5DE}"
EndProject
Global
	GlobalSection(SolutionConfigurationPlatforms) = preSolution
		Debug|Any CPU = Debug|Any CPU
		Release|Any CPU = Release|Any CPU
	EndGlobalSection
	GlobalSection(ProjectConfigurationPlatforms) = postSolution
		{9F4BDE64-D314-4D8D-AB27-B7518934E5DE}.Debug|Any CPU.ActiveCfg = Debug|Any CPU
		{9F4BDE64-D314-4D8D-AB27-B7518934E5DE}.Debug|Any CPU.Build.0 = Debug|Any CPU
		{9F4BDE64-D314-4D8D-AB27-B7518934E5DE}.Release|Any CPU.ActiveCfg = Release|Any CPU
		{9F4BDE64-D314-4D8D-AB27-B7518934E5DE}.Release|Any CPU.Build.0 = Release|Any CPU
	EndGlobalSection
	GlobalSection(SolutionProperties) = preSolution
		HideSolutionNode = FALSE
	EndGlobalSection
	GlobalSection(ExtensibilityGlobals) = postSolution
		SolutionGuid = {E881E53D-C800-45EB-BE0F-CDC6F3638466}
	EndGlobalSection
EndGlobal
